
Microsoft Visual Studio Solution File, Format Version 12.00
# Visual Studio 2013
VisualStudioVersion = 12.0.31101.0
MinimumVisualStudioVersion = 10.0.40219.1
Project("{FAE04EC0-301F-11D3-BF4B-00C04F79EFBC}") = "01. ForumPost", "01. ForumPost\01. ForumPost.csproj", "{0D2C656D-0350-4B0D-A0DE-B84665F5E7B9}"
EndProject
Project("{FAE04EC0-301F-11D3-BF4B-00C04F79EFBC}") = "02. WebGallery", "02. WebGallery\02. WebGallery.csproj", "{86000B4D-C7FF-4AEC-BBBF-7427D82F2AFC}"
EndProject
Global
	GlobalSection(SolutionConfigurationPlatforms) = preSolution
		Debug|Any CPU = Debug|Any CPU
		Release|Any CPU = Release|Any CPU
	EndGlobalSection
	GlobalSection(ProjectConfigurationPlatforms) = postSolution
		{0D2C656D-0350-4B0D-A0DE-B84665F5E7B9}.Debug|Any CPU.ActiveCfg = Debug|Any CPU
		{0D2C656D-0350-4B0D-A0DE-B84665F5E7B9}.Debug|Any CPU.Build.0 = Debug|Any CPU
		{0D2C656D-0350-4B0D-A0DE-B84665F5E7B9}.Release|Any CPU.ActiveCfg = Release|Any CPU
		{0D2C656D-0350-4B0D-A0DE-B84665F5E7B9}.Release|Any CPU.Build.0 = Release|Any CPU
		{86000B4D-C7FF-4AEC-BBBF-7427D82F2AFC}.Debug|Any CPU.ActiveCfg = Debug|Any CPU
		{86000B4D-C7FF-4AEC-BBBF-7427D82F2AFC}.Debug|Any CPU.Build.0 = Debug|Any CPU
		{86000B4D-C7FF-4AEC-BBBF-7427D82F2AFC}.Release|Any CPU.ActiveCfg = Release|Any CPU
		{86000B4D-C7FF-4AEC-BBBF-7427D82F2AFC}.Release|Any CPU.Build.0 = Release|Any CPU
	EndGlobalSection
	GlobalSection(SolutionProperties) = preSolution
		HideSolutionNode = FALSE
	EndGlobalSection
EndGlobal
